
Microsoft Visual Studio Solution File, Format Version 12.00
# Visual Studio Version 16
VisualStudioVersion = 16.0.29215.179
MinimumVisualStudioVersion = 10.0.40219.1
Project("{8BC9CEB8-8B4A-11D0-8D11-00A0C91BC942}") = "user_control", "user_control\user_control.vcxproj", "{8FB97924-DBB2-4A1C-9C0D-C80C1DE4C1E1}"
EndProject
Project("{8BC9CEB8-8B4A-11D0-8D11-00A0C91BC942}") = "ab_oil_pressure_test_app", "ab_oil_pressure_test\ab_oil_pressure_test_app\ab_oil_pressure_test_app.vcxproj", "{7EFFDFA1-ACBB-4CF5-BA3A-5384D6A44A12}"
EndProject
Project("{8BC9CEB8-8B4A-11D0-8D11-00A0C91BC942}") = "ab_oil_pressure_test_ui", "ab_oil_pressure_test\ab_oil_pressure_test_ui\ab_oil_pressure_test_ui.vcxproj", "{256E227E-1E8E-44B1-A092-6245C6D6E1C2}"
EndProject
Global
	GlobalSection(SolutionConfigurationPlatforms) = preSolution
		Debug|x64 = Debug|x64
		Debug|x86 = Debug|x86
		Release|x64 = Release|x64
		Release|x86 = Release|x86
	EndGlobalSection
	GlobalSection(ProjectConfigurationPlatforms) = postSolution
		{8FB97924-DBB2-4A1C-9C0D-C80C1DE4C1E1}.Debug|x64.ActiveCfg = Debug|x64
		{8FB97924-DBB2-4A1C-9C0D-C80C1DE4C1E1}.Debug|x64.Build.0 = Debug|x64
		{8FB97924-DBB2-4A1C-9C0D-C80C1DE4C1E1}.Debug|x86.ActiveCfg = Debug|Win32
		{8FB97924-DBB2-4A1C-9C0D-C80C1DE4C1E1}.Debug|x86.Build.0 = Debug|Win32
		{8FB97924-DBB2-4A1C-9C0D-C80C1DE4C1E1}.Release|x64.ActiveCfg = Release|x64
		{8FB97924-DBB2-4A1C-9C0D-C80C1DE4C1E1}.Release|x64.Build.0 = Release|x64
		{8FB97924-DBB2-4A1C-9C0D-C80C1DE4C1E1}.Release|x86.ActiveCfg = Release|Win32
		{8FB97924-DBB2-4A1C-9C0D-C80C1DE4C1E1}.Release|x86.Build.0 = Release|Win32
		{7EFFDFA1-ACBB-4CF5-BA3A-5384D6A44A12}.Debug|x64.ActiveCfg = Debug|x64
		{7EFFDFA1-ACBB-4CF5-BA3A-5384D6A44A12}.Debug|x64.Build.0 = Debug|x64
		{7EFFDFA1-ACBB-4CF5-BA3A-5384D6A44A12}.Debug|x86.ActiveCfg = Debug|Win32
		{7EFFDFA1-ACBB-4CF5-BA3A-5384D6A44A12}.Debug|x86.Build.0 = Debug|Win32
		{7EFFDFA1-ACBB-4CF5-BA3A-5384D6A44A12}.Release|x64.ActiveCfg = Release|x64
		{7EFFDFA1-ACBB-4CF5-BA3A-5384D6A44A12}.Release|x64.Build.0 = Release|x64
		{7EFFDFA1-ACBB-4CF5-BA3A-5384D6A44A12}.Release|x86.ActiveCfg = Release|Win32
		{7EFFDFA1-ACBB-4CF5-BA3A-5384D6A44A12}.Release|x86.Build.0 = Release|Win32
		{256E227E-1E8E-44B1-A092-6245C6D6E1C2}.Debug|x64.ActiveCfg = Debug|x64
		{256E227E-1E8E-44B1-A092-6245C6D6E1C2}.Debug|x64.Build.0 = Debug|x64
		{256E227E-1E8E-44B1-A092-6245C6D6E1C2}.Debug|x86.ActiveCfg = Debug|Win32
		{256E227E-1E8E-44B1-A092-6245C6D6E1C2}.Debug|x86.Build.0 = Debug|Win32
		{256E227E-1E8E-44B1-A092-6245C6D6E1C2}.Release|x64.ActiveCfg = Release|x64
		{256E227E-1E8E-44B1-A092-6245C6D6E1C2}.Release|x64.Build.0 = Release|x64
		{256E227E-1E8E-44B1-A092-6245C6D6E1C2}.Release|x86.ActiveCfg = Release|Win32
		{256E227E-1E8E-44B1-A092-6245C6D6E1C2}.Release|x86.Build.0 = Release|Win32
	EndGlobalSection
	GlobalSection(SolutionProperties) = preSolution
		HideSolutionNode = FALSE
	EndGlobalSection
	GlobalSection(ExtensibilityGlobals) = postSolution
		SolutionGuid = {28F8BFAC-D478-46AD-86C1-10809ADE6EC0}
	EndGlobalSection
EndGlobal
