
Microsoft Visual Studio Solution File, Format Version 12.00
# Visual Studio Version 16
VisualStudioVersion = 16.0.29230.47
MinimumVisualStudioVersion = 10.0.40219.1
Project("{8BC9CEB8-8B4A-11D0-8D11-00A0C91BC942}") = "ab_oil_pressure_test_ui", "ab_oil_pressure_test_ui.vcxproj", "{42DDF3CE-DD25-4B78-91EE-5A419B69B556}"
EndProject
Global
	GlobalSection(SolutionConfigurationPlatforms) = preSolution
		Debug|x64 = Debug|x64
		Debug|x86 = Debug|x86
		Release|x64 = Release|x64
		Release|x86 = Release|x86
	EndGlobalSection
	GlobalSection(ProjectConfigurationPlatforms) = postSolution
		{42DDF3CE-DD25-4B78-91EE-5A419B69B556}.Debug|x64.ActiveCfg = Debug|x64
		{42DDF3CE-DD25-4B78-91EE-5A419B69B556}.Debug|x64.Build.0 = Debug|x64
		{42DDF3CE-DD25-4B78-91EE-5A419B69B556}.Debug|x86.ActiveCfg = Debug|Win32
		{42DDF3CE-DD25-4B78-91EE-5A419B69B556}.Debug|x86.Build.0 = Debug|Win32
		{42DDF3CE-DD25-4B78-91EE-5A419B69B556}.Release|x64.ActiveCfg = Release|x64
		{42DDF3CE-DD25-4B78-91EE-5A419B69B556}.Release|x64.Build.0 = Release|x64
		{42DDF3CE-DD25-4B78-91EE-5A419B69B556}.Release|x86.ActiveCfg = Release|Win32
		{42DDF3CE-DD25-4B78-91EE-5A419B69B556}.Release|x86.Build.0 = Release|Win32
	EndGlobalSection
	GlobalSection(SolutionProperties) = preSolution
		HideSolutionNode = FALSE
	EndGlobalSection
	GlobalSection(ExtensibilityGlobals) = postSolution
		SolutionGuid = {0C19E666-0CB7-46F1-BB87-7218B84F8615}
	EndGlobalSection
EndGlobal
