<?xml version="1.0" encoding="utf-8"?>
<Project ToolsVersion="4.0" xmlns="http://schemas.microsoft.com/developer/msbuild/2003">
  <ItemGroup>
    <Filter Include="control">
      <UniqueIdentifier>{990e7a3c-db40-406c-8d47-933b17d6744c}</UniqueIdentifier>
    </Filter>
    <Filter Include="control\combo">
      <UniqueIdentifier>{65ad091b-1aad-4d0e-af33-f291919f9a9b}</UniqueIdentifier>
    </Filter>
    <Filter Include="control\user">
      <UniqueIdentifier>{11258f3a-aa9d-4286-ae29-eea5088c8bc8}</UniqueIdentifier>
    </Filter>
    <Filter Include="control\button">
      <UniqueIdentifier>{64aac0ca-c54d-419c-8b15-dbbbe8ebe7db}</UniqueIdentifier>
    </Filter>
    <Filter Include="module">
      <UniqueIdentifier>{412c147e-9523-4a0b-943c-0da5c1cbd605}</UniqueIdentifier>
    </Filter>
    <Filter Include="module\Resource Files">
      <UniqueIdentifier>{67DA6AB6-F800-4c08-8B7A-83BB121AAD01}</UniqueIdentifier>
      <Extensions>rc;ico;cur;bmp;dlg;rc2;rct;bin;rgs;gif;jpg;jpeg;jpe;resx;tiff;tif;png;wav;mfcribbon-ms</Extensions>
    </Filter>
  </ItemGroup>
  <ItemGroup>
    <ClCompile Include="dllmain.cpp">
      <Filter>module</Filter>
    </ClCompile>
    <ClCompile Include="button.cpp">
      <Filter>control\button</Filter>
    </ClCompile>
    <ClCompile Include="UserControl.cpp">
      <Filter>control\user</Filter>
    </ClCompile>
    <ClCompile Include="UserControlPanel.cpp">
      <Filter>control\user</Filter>
    </ClCompile>
    <ClCompile Include="TicketSection.cpp" />
    <ClCompile Include="pch.cpp">
      <Filter>module</Filter>
    </ClCompile>
    <ClCompile Include="cell_index.cpp" />
    <ClCompile Include="TicketSectionListCtrl.cpp" />
    <ClCompile Include="cell_setting.cpp" />
    <ClCompile Include="ticket_setting_00.cpp" />
  </ItemGroup>
  <ItemGroup>
    <None Include="res\UserControl.rc2">
      <Filter>module\Resource Files</Filter>
    </None>
  </ItemGroup>
  <ItemGroup>
    <ClInclude Include="targetver.h">
      <Filter>module</Filter>
    </ClInclude>
    <ClInclude Include="port.h">
      <Filter>module</Filter>
    </ClInclude>
    <ClInclude Include="resource.h">
      <Filter>module</Filter>
    </ClInclude>
    <ClInclude Include="combo.h">
      <Filter>control\combo</Filter>
    </ClInclude>
    <ClInclude Include="combo_box.h">
      <Filter>control\combo</Filter>
    </ClInclude>
    <ClInclude Include="combo_gallery.h">
      <Filter>control\combo</Filter>
    </ClInclude>
    <ClInclude Include="combo_item.h">
      <Filter>control\combo</Filter>
    </ClInclude>
    <ClInclude Include="combo_item_container.h">
      <Filter>control\combo</Filter>
    </ClInclude>
    <ClInclude Include="UserControl.h">
      <Filter>control\user</Filter>
    </ClInclude>
    <ClInclude Include="UserControlPanel.h">
      <Filter>control\user</Filter>
    </ClInclude>
    <ClInclude Include="button.h">
      <Filter>control\button</Filter>
    </ClInclude>
    <ClInclude Include="TicketSection.h" />
    <ClInclude Include="pch.h">
      <Filter>module</Filter>
    </ClInclude>
    <ClInclude Include="cell_index.h" />
    <ClInclude Include="TicketSectionListCtrl.h" />
    <ClInclude Include="cell_setting.h" />
    <ClInclude Include="ticket_setting_00.h" />
  </ItemGroup>
  <ItemGroup>
    <ResourceCompile Include="UserControl.rc">
      <Filter>module\Resource Files</Filter>
    </ResourceCompile>
  </ItemGroup>
</Project>